// !$*UTF8*$!
{
	archiveVersion = 1;
	classes = {
	};
	objectVersion = 77;
	objects = {

/* Begin PBXContainerItemProxy section */
		8A711FB92DAE5AC4001DCC51 /* PBXContainerItemProxy */ = {
			isa = PBXContainerItemProxy;
			containerPortal = 8A711FA32DAE5AC2001DCC51 /* Project object */;
			proxyType = 1;
			remoteGlobalIDString = 8A711FAA2DAE5AC2001DCC51;
			remoteInfo = designPatterns;
		};
		8A711FC32DAE5AC4001DCC51 /* PBXContainerItemProxy */ = {
			isa = PBXContainerItemProxy;
			containerPortal = 8A711FA32DAE5AC2001DCC51 /* Project object */;
			proxyType = 1;
			remoteGlobalIDString = 8A711FAA2DAE5AC2001DCC51;
			remoteInfo = designPatterns;
		};
/* End PBXContainerItemProxy section */

/* Begin PBXFileReference section */
		8A711FAB2DAE5AC2001DCC51 /* designPatterns.app */ = {isa = PBXFileReference; explicitFileType = wrapper.application; includeInIndex = 0; path = designPatterns.app; sourceTree = BUILT_PRODUCTS_DIR; };
		8A711FB82DAE5AC4001DCC51 /* designPatternsTests.xctest */ = {isa = PBXFileReference; explicitFileType = wrapper.cfbundle; includeInIndex = 0; path = designPatternsTests.xctest; sourceTree = BUILT_PRODUCTS_DIR; };
		8A711FC22DAE5AC4001DCC51 /* designPatternsUITests.xctest */ = {isa = PBXFileReference; explicitFileType = wrapper.cfbundle; includeInIndex = 0; path = designPatternsUITests.xctest; sourceTree = BUILT_PRODUCTS_DIR; };
/* End PBXFileReference section */

/* Begin PBXFileSystemSynchronizedRootGroup section */
		8A711FAD2DAE5AC2001DCC51 /* designPatterns */ = {
			isa = PBXFileSystemSynchronizedRootGroup;
			path = designPatterns;
			sourceTree = "<group>";
		};
		8A711FBB2DAE5AC4001DCC51 /* designPatternsTests */ = {
			isa = PBXFileSystemSynchronizedRootGroup;
			path = designPatternsTests;
			sourceTree = "<group>";
		};
		8A711FC52DAE5AC4001DCC51 /* designPatternsUITests */ = {
			isa = PBXFileSystemSynchronizedRootGroup;
			path = designPatternsUITests;
			sourceTree = "<group>";
		};
/* End PBXFileSystemSynchronizedRootGroup section */

/* Begin PBXFrameworksBuildPhase section */
		8A711FA82DAE5AC2001DCC51 /* Frameworks */ = {
			isa = PBXFrameworksBuildPhase;
			buildActionMask = 2147483647;
			files = (
			);
			runOnlyForDeploymentPostprocessing = 0;
		};
		8A711FB52DAE5AC4001DCC51 /* Frameworks */ = {
			isa = PBXFrameworksBuildPhase;
			buildActionMask = 2147483647;
			files = (
			);
			runOnlyForDeploymentPostprocessing = 0;
		};
		8A711FBF2DAE5AC4001DCC51 /* Frameworks */ = {
			isa = PBXFrameworksBuildPhase;
			buildActionMask = 2147483647;
			files = (
			);
			runOnlyForDeploymentPostprocessing = 0;
		};
/* End PBXFrameworksBuildPhase section */

/* Begin PBXGroup section */
		8A711FA22DAE5AC2001DCC51 = {
			isa = PBXGroup;
			children = (
				8A711FAD2DAE5AC2001DCC51 /* designPatterns */,
				8A711FBB2DAE5AC4001DCC51 /* designPatternsTests */,
				8A711FC52DAE5AC4001DCC51 /* designPatternsUITests */,
				8A711FAC2DAE5AC2001DCC51 /* Products */,
			);
			sourceTree = "<group>";
		};
		8A711FAC2DAE5AC2001DCC51 /* Products */ = {
			isa = PBXGroup;
			children = (
				8A711FAB2DAE5AC2001DCC51 /* designPatterns.app */,
				8A711FB82DAE5AC4001DCC51 /* designPatternsTests.xctest */,
				8A711FC22DAE5AC4001DCC51 /* designPatternsUITests.xctest */,
			);
			name = Products;
			sourceTree = "<group>";
		};
/* End PBXGroup section */

/* Begin PBXNativeTarget section */
		8A711FAA2DAE5AC2001DCC51 /* designPatterns */ = {
			isa = PBXNativeTarget;
			buildConfigurationList = 8A711FCC2DAE5AC4001DCC51 /* Build configuration list for PBXNativeTarget "designPatterns" */;
			buildPhases = (
				8A711FA72DAE5AC2001DCC51 /* Sources */,
				8A711FA82DAE5AC2001DCC51 /* Frameworks */,
				8A711FA92DAE5AC2001DCC51 /* Resources */,
			);
			buildRules = (
			);
			dependencies = (
			);
			fileSystemSynchronizedGroups = (
				8A711FAD2DAE5AC2001DCC51 /* designPatterns */,
			);
			name = designPatterns;
			packageProductDependencies = (
			);
			productName = designPatterns;
			productReference = 8A711FAB2DAE5AC2001DCC51 /* designPatterns.app */;
			productType = "com.apple.product-type.application";
		};
		8A711FB72DAE5AC4001DCC51 /* designPatternsTests */ = {
			isa = PBXNativeTarget;
			buildConfigurationList = 8A711FCF2DAE5AC4001DCC51 /* Build configuration list for PBXNativeTarget "designPatternsTests" */;
			buildPhases = (
				8A711FB42DAE5AC4001DCC51 /* Sources */,
				8A711FB52DAE5AC4001DCC51 /* Frameworks */,
				8A711FB62DAE5AC4001DCC51 /* Resources */,
			);
			buildRules = (
			);
			dependencies = (
				8A711FBA2DAE5AC4001DCC51 /* PBXTargetDependency */,
			);
			fileSystemSynchronizedGroups = (
				8A711FBB2DAE5AC4001DCC51 /* designPatternsTests */,
			);
			name = designPatternsTests;
			packageProductDependencies = (
			);
			productName = designPatternsTests;
			productReference = 8A711FB82DAE5AC4001DCC51 /* designPatternsTests.xctest */;
			productType = "com.apple.product-type.bundle.unit-test";
		};
		8A711FC12DAE5AC4001DCC51 /* designPatternsUITests */ = {
			isa = PBXNativeTarget;
			buildConfigurationList = 8A711FD22DAE5AC4001DCC51 /* Build configuration list for PBXNativeTarget "designPatternsUITests" */;
			buildPhases = (
				8A711FBE2DAE5AC4001DCC51 /* Sources */,
				8A711FBF2DAE5AC4001DCC51 /* Frameworks */,
				8A711FC02DAE5AC4001DCC51 /* Resources */,
			);
			buildRules = (
			);
			dependencies = (
				8A711FC42DAE5AC4001DCC51 /* PBXTargetDependency */,
			);
			fileSystemSynchronizedGroups = (
				8A711FC52DAE5AC4001DCC51 /* designPatternsUITests */,
			);
			name = designPatternsUITests;
			packageProductDependencies = (
			);
			productName = designPatternsUITests;
			productReference = 8A711FC22DAE5AC4001DCC51 /* designPatternsUITests.xctest */;
			productType = "com.apple.product-type.bundle.ui-testing";
		};
/* End PBXNativeTarget section */

/* Begin PBXProject section */
		8A711FA32DAE5AC2001DCC51 /* Project object */ = {
			isa = PBXProject;
			attributes = {
				BuildIndependentTargetsInParallel = 1;
				LastSwiftUpdateCheck = 1630;
				LastUpgradeCheck = 1630;
				TargetAttributes = {
					8A711FAA2DAE5AC2001DCC51 = {
						CreatedOnToolsVersion = 16.3;
					};
					8A711FB72DAE5AC4001DCC51 = {
						CreatedOnToolsVersion = 16.3;
						TestTargetID = 8A711FAA2DAE5AC2001DCC51;
					};
					8A711FC12DAE5AC4001DCC51 = {
						CreatedOnToolsVersion = 16.3;
						TestTargetID = 8A711FAA2DAE5AC2001DCC51;
					};
				};
			};
			buildConfigurationList = 8A711FA62DAE5AC2001DCC51 /* Build configuration list for PBXProject "designPatterns" */;
			developmentRegion = en;
			hasScannedForEncodings = 0;
			knownRegions = (
				en,
				Base,
			);
			mainGroup = 8A711FA22DAE5AC2001DCC51;
			minimizedProjectReferenceProxies = 1;
			preferredProjectObjectVersion = 77;
			productRefGroup = 8A711FAC2DAE5AC2001DCC51 /* Products */;
			projectDirPath = "";
			projectRoot = "";
			targets = (
				8A711FAA2DAE5AC2001DCC51 /* designPatterns */,
				8A711FB72DAE5AC4001DCC51 /* designPatternsTests */,
				8A711FC12DAE5AC4001DCC51 /* designPatternsUITests */,
			);
		};
/* End PBXProject section */

/* Begin PBXResourcesBuildPhase section */
		8A711FA92DAE5AC2001DCC51 /* Resources */ = {
			isa = PBXResourcesBuildPhase;
			buildActionMask = 2147483647;
			files = (
			);
			runOnlyForDeploymentPostprocessing = 0;
		};
		8A711FB62DAE5AC4001DCC51 /* Resources */ = {
			isa = PBXResourcesBuildPhase;
			buildActionMask = 2147483647;
			files = (
			);
			runOnlyForDeploymentPostprocessing = 0;
		};
		8A711FC02DAE5AC4001DCC51 /* Resources */ = {
			isa = PBXResourcesBuildPhase;
			buildActionMask = 2147483647;
			files = (
			);
			runOnlyForDeploymentPostprocessing = 0;
		};
/* End PBXResourcesBuildPhase section */

/* Begin PBXSourcesBuildPhase section */
		8A711FA72DAE5AC2001DCC51 /* Sources */ = {
			isa = PBXSourcesBuildPhase;
			buildActionMask = 2147483647;
			files = (
			);
			runOnlyForDeploymentPostprocessing = 0;
		};
		8A711FB42DAE5AC4001DCC51 /* Sources */ = {
			isa = PBXSourcesBuildPhase;
			buildActionMask = 2147483647;
			files = (
			);
			runOnlyForDeploymentPostprocessing = 0;
		};
		8A711FBE2DAE5AC4001DCC51 /* Sources */ = {
			isa = PBXSourcesBuildPhase;
			buildActionMask = 2147483647;
			files = (
			);
			runOnlyForDeploymentPostprocessing = 0;
		};
/* End PBXSourcesBuildPhase section */

/* Begin PBXTargetDependency section */
		8A711FBA2DAE5AC4001DCC51 /* PBXTargetDependency */ = {
			isa = PBXTargetDependency;
			target = 8A711FAA2DAE5AC2001DCC51 /* designPatterns */;
			targetProxy = 8A711FB92DAE5AC4001DCC51 /* PBXContainerItemProxy */;
		};
		8A711FC42DAE5AC4001DCC51 /* PBXTargetDependency */ = {
			isa = PBXTargetDependency;
			target = 8A711FAA2DAE5AC2001DCC51 /* designPatterns */;
			targetProxy = 8A711FC32DAE5AC4001DCC51 /* PBXContainerItemProxy */;
		};
/* End PBXTargetDependency section */

/* Begin XCBuildConfiguration section */
		8A711FCA2DAE5AC4001DCC51 /* Debug */ = {
			isa = XCBuildConfiguration;
			buildSettings = {
				ALWAYS_SEARCH_USER_PATHS = NO;
				ASSETCATALOG_COMPILER_GENERATE_SWIFT_ASSET_SYMBOL_EXTENSIONS = YES;
				CLANG_ANALYZER_NONNULL = YES;
				CLANG_ANALYZER_NUMBER_OBJECT_CONVERSION = YES_AGGRESSIVE;
				CLANG_CXX_LANGUAGE_STANDARD = "gnu++20";
				CLANG_ENABLE_MODULES = YES;
				CLANG_ENABLE_OBJC_ARC = YES;
				CLANG_ENABLE_OBJC_WEAK = YES;
				CLANG_WARN_BLOCK_CAPTURE_AUTORELEASING = YES;
				CLANG_WARN_BOOL_CONVERSION = YES;
				CLANG_WARN_COMMA = YES;
				CLANG_WARN_CONSTANT_CONVERSION = YES;
				CLANG_WARN_DEPRECATED_OBJC_IMPLEMENTATIONS = YES;
				CLANG_WARN_DIRECT_OBJC_ISA_USAGE = YES_ERROR;
				CLANG_WARN_DOCUMENTATION_COMMENTS = YES;
				CLANG_WARN_EMPTY_BODY = YES;
				CLANG_WARN_ENUM_CONVERSION = YES;
				CLANG_WARN_INFINITE_RECURSION = YES;
				CLANG_WARN_INT_CONVERSION = YES;
				CLANG_WARN_NON_LITERAL_NULL_CONVERSION = YES;
				CLANG_WARN_OBJC_IMPLICIT_RETAIN_SELF = YES;
				CLANG_WARN_OBJC_LITERAL_CONVERSION = YES;
				CLANG_WARN_OBJC_ROOT_CLASS = YES_ERROR;
				CLANG_WARN_QUOTED_INCLUDE_IN_FRAMEWORK_HEADER = YES;
				CLANG_WARN_RANGE_LOOP_ANALYSIS = YES;
				CLANG_WARN_STRICT_PROTOTYPES = YES;
				CLANG_WARN_SUSPICIOUS_MOVE = YES;
				CLANG_WARN_UNGUARDED_AVAILABILITY = YES_AGGRESSIVE;
				CLANG_WARN_UNREACHABLE_CODE = YES;
				CLANG_WARN__DUPLICATE_METHOD_MATCH = YES;
				COPY_PHASE_STRIP = NO;
				DEBUG_INFORMATION_FORMAT = dwarf;
				DEVELOPMENT_TEAM = 827H72CABH;
				ENABLE_STRICT_OBJC_MSGSEND = YES;
				ENABLE_TESTABILITY = YES;
				ENABLE_USER_SCRIPT_SANDBOXING = YES;
				GCC_C_LANGUAGE_STANDARD = gnu17;
				GCC_DYNAMIC_NO_PIC = NO;
				GCC_NO_COMMON_BLOCKS = YES;
				GCC_OPTIMIZATION_LEVEL = 0;
				GCC_PREPROCESSOR_DEFINITIONS = (
					"DEBUG=1",
					"$(inherited)",
				);
				GCC_WARN_64_TO_32_BIT_CONVERSION = YES;
				GCC_WARN_ABOUT_RETURN_TYPE = YES_ERROR;
				GCC_WARN_UNDECLARED_SELECTOR = YES;
				GCC_WARN_UNINITIALIZED_AUTOS = YES_AGGRESSIVE;
				GCC_WARN_UNUSED_FUNCTION = YES;
				GCC_WARN_UNUSED_VARIABLE = YES;
				IPHONEOS_DEPLOYMENT_TARGET = 18.4;
				LOCALIZATION_PREFERS_STRING_CATALOGS = YES;
				MTL_ENABLE_DEBUG_INFO = INCLUDE_SOURCE;
				MTL_FAST_MATH = YES;
				ONLY_ACTIVE_ARCH = YES;
				SDKROOT = iphoneos;
				SWIFT_ACTIVE_COMPILATION_CONDITIONS = "DEBUG $(inherited)";
				SWIFT_OPTIMIZATION_LEVEL = "-Onone";
			};
			name = Debug;
		};
		8A711FCB2DAE5AC4001DCC51 /* Release */ = {
			isa = XCBuildConfiguration;
			buildSettings = {
				ALWAYS_SEARCH_USER_PATHS = NO;
				ASSETCATALOG_COMPILER_GENERATE_SWIFT_ASSET_SYMBOL_EXTENSIONS = YES;
				CLANG_ANALYZER_NONNULL = YES;
				CLANG_ANALYZER_NUMBER_OBJECT_CONVERSION = YES_AGGRESSIVE;
				CLANG_CXX_LANGUAGE_STANDARD = "gnu++20";
				CLANG_ENABLE_MODULES = YES;
				CLANG_ENABLE_OBJC_ARC = YES;
				CLANG_ENABLE_OBJC_WEAK = YES;
				CLANG_WARN_BLOCK_CAPTURE_AUTORELEASING = YES;
				CLANG_WARN_BOOL_CONVERSION = YES;
				CLANG_WARN_COMMA = YES;
				CLANG_WARN_CONSTANT_CONVERSION = YES;
				CLANG_WARN_DEPRECATED_OBJC_IMPLEMENTATIONS = YES;
				CLANG_WARN_DIRECT_OBJC_ISA_USAGE = YES_ERROR;
				CLANG_WARN_DOCUMENTATION_COMMENTS = YES;
				CLANG_WARN_EMPTY_BODY = YES;
				CLANG_WARN_ENUM_CONVERSION = YES;
				CLANG_WARN_INFINITE_RECURSION = YES;
				CLANG_WARN_INT_CONVERSION = YES;
				CLANG_WARN_NON_LITERAL_NULL_CONVERSION = YES;
				CLANG_WARN_OBJC_IMPLICIT_RETAIN_SELF = YES;
				CLANG_WARN_OBJC_LITERAL_CONVERSION = YES;
				CLANG_WARN_OBJC_ROOT_CLASS = YES_ERROR;
				CLANG_WARN_QUOTED_INCLUDE_IN_FRAMEWORK_HEADER = YES;
				CLANG_WARN_RANGE_LOOP_ANALYSIS = YES;
				CLANG_WARN_STRICT_PROTOTYPES = YES;
				CLANG_WARN_SUSPICIOUS_MOVE = YES;
				CLANG_WARN_UNGUARDED_AVAILABILITY = YES_AGGRESSIVE;
				CLANG_WARN_UNREACHABLE_CODE = YES;
				CLANG_WARN__DUPLICATE_METHOD_MATCH = YES;
				COPY_PHASE_STRIP = NO;
				DEBUG_INFORMATION_FORMAT = "dwarf-with-dsym";
				DEVELOPMENT_TEAM = 827H72CABH;
				ENABLE_NS_ASSERTIONS = NO;
				ENABLE_STRICT_OBJC_MSGSEND = YES;
				ENABLE_USER_SCRIPT_SANDBOXING = YES;
				GCC_C_LANGUAGE_STANDARD = gnu17;
				GCC_NO_COMMON_BLOCKS = YES;
				GCC_WARN_64_TO_32_BIT_CONVERSION = YES;
				GCC_WARN_ABOUT_RETURN_TYPE = YES_ERROR;
				GCC_WARN_UNDECLARED_SELECTOR = YES;
				GCC_WARN_UNINITIALIZED_AUTOS = YES_AGGRESSIVE;
				GCC_WARN_UNUSED_FUNCTION = YES;
				GCC_WARN_UNUSED_VARIABLE = YES;
				IPHONEOS_DEPLOYMENT_TARGET = 18.4;
				LOCALIZATION_PREFERS_STRING_CATALOGS = YES;
				MTL_ENABLE_DEBUG_INFO = NO;
				MTL_FAST_MATH = YES;
				SDKROOT = iphoneos;
				SWIFT_COMPILATION_MODE = wholemodule;
				VALIDATE_PRODUCT = YES;
			};
			name = Release;
		};
		8A711FCD2DAE5AC4001DCC51 /* Debug */ = {
			isa = XCBuildConfiguration;
			buildSettings = {
				ASSETCATALOG_COMPILER_APPICON_NAME = AppIcon;
				ASSETCATALOG_COMPILER_GLOBAL_ACCENT_COLOR_NAME = AccentColor;
				CODE_SIGN_STYLE = Automatic;
				CURRENT_PROJECT_VERSION = 1;
				DEVELOPMENT_TEAM = 827H72CABH;
				ENABLE_PREVIEWS = YES;
				GENERATE_INFOPLIST_FILE = YES;
				INFOPLIST_KEY_UIApplicationSceneManifest_Generation = YES;
				INFOPLIST_KEY_UIApplicationSupportsIndirectInputEvents = YES;
				INFOPLIST_KEY_UILaunchScreen_Generation = YES;
				INFOPLIST_KEY_UISupportedInterfaceOrientations_iPad = "UIInterfaceOrientationPortrait UIInterfaceOrientationPortraitUpsideDown UIInterfaceOrientationLandscapeLeft UIInterfaceOrientationLandscapeRight";
				INFOPLIST_KEY_UISupportedInterfaceOrientations_iPhone = "UIInterfaceOrientationPortrait UIInterfaceOrientationLandscapeLeft UIInterfaceOrientationLandscapeRight";
				LD_RUNPATH_SEARCH_PATHS = (
					"$(inherited)",
					"@executable_path/Frameworks",
				);
				MARKETING_VERSION = 1.0;
				PRODUCT_BUNDLE_IDENTIFIER = com.koichi.designPatterns;
				PRODUCT_NAME = "$(TARGET_NAME)";
				SWIFT_EMIT_LOC_STRINGS = YES;
				SWIFT_VERSION = 5.0;
				TARGETED_DEVICE_FAMILY = "1,2";
			};
			name = Debug;
		};
		8A711FCE2DAE5AC4001DCC51 /* Release */ = {
			isa = XCBuildConfiguration;
			buildSettings = {
				ASSETCATALOG_COMPILER_APPICON_NAME = AppIcon;
				ASSETCATALOG_COMPILER_GLOBAL_ACCENT_COLOR_NAME = AccentColor;
				CODE_SIGN_STYLE = Automatic;
				CURRENT_PROJECT_VERSION = 1;
				DEVELOPMENT_TEAM = 827H72CABH;
				ENABLE_PREVIEWS = YES;
				GENERATE_INFOPLIST_FILE = YES;
				INFOPLIST_KEY_UIApplicationSceneManifest_Generation = YES;
				INFOPLIST_KEY_UIApplicationSupportsIndirectInputEvents = YES;
				INFOPLIST_KEY_UILaunchScreen_Generation = YES;
				INFOPLIST_KEY_UISupportedInterfaceOrientations_iPad = "UIInterfaceOrientationPortrait UIInterfaceOrientationPortraitUpsideDown UIInterfaceOrientationLandscapeLeft UIInterfaceOrientationLandscapeRight";
				INFOPLIST_KEY_UISupportedInterfaceOrientations_iPhone = "UIInterfaceOrientationPortrait UIInterfaceOrientationLandscapeLeft UIInterfaceOrientationLandscapeRight";
				LD_RUNPATH_SEARCH_PATHS = (
					"$(inherited)",
					"@executable_path/Frameworks",
				);
				MARKETING_VERSION = 1.0;
				PRODUCT_BUNDLE_IDENTIFIER = com.koichi.designPatterns;
				PRODUCT_NAME = "$(TARGET_NAME)";
				SWIFT_EMIT_LOC_STRINGS = YES;
				SWIFT_VERSION = 5.0;
				TARGETED_DEVICE_FAMILY = "1,2";
			};
			name = Release;
		};
		8A711FD02DAE5AC4001DCC51 /* Debug */ = {
			isa = XCBuildConfiguration;
			buildSettings = {
				BUNDLE_LOADER = "$(TEST_HOST)";
				CODE_SIGN_STYLE = Automatic;
				CURRENT_PROJECT_VERSION = 1;
				DEVELOPMENT_TEAM = 827H72CABH;
				GENERATE_INFOPLIST_FILE = YES;
				IPHONEOS_DEPLOYMENT_TARGET = 18.4;
				MARKETING_VERSION = 1.0;
				PRODUCT_BUNDLE_IDENTIFIER = com.koichi.designPatternsTests;
				PRODUCT_NAME = "$(TARGET_NAME)";
				SWIFT_EMIT_LOC_STRINGS = NO;
				SWIFT_VERSION = 5.0;
				TARGETED_DEVICE_FAMILY = "1,2";
				TEST_HOST = "$(BUILT_PRODUCTS_DIR)/designPatterns.app/$(BUNDLE_EXECUTABLE_FOLDER_PATH)/designPatterns";
			};
			name = Debug;
		};
		8A711FD12DAE5AC4001DCC51 /* Release */ = {
			isa = XCBuildConfiguration;
			buildSettings = {
				BUNDLE_LOADER = "$(TEST_HOST)";
				CODE_SIGN_STYLE = Automatic;
				CURRENT_PROJECT_VERSION = 1;
				DEVELOPMENT_TEAM = 827H72CABH;
				GENERATE_INFOPLIST_FILE = YES;
				IPHONEOS_DEPLOYMENT_TARGET = 18.4;
				MARKETING_VERSION = 1.0;
				PRODUCT_BUNDLE_IDENTIFIER = com.koichi.designPatternsTests;
				PRODUCT_NAME = "$(TARGET_NAME)";
				SWIFT_EMIT_LOC_STRINGS = NO;
				SWIFT_VERSION = 5.0;
				TARGETED_DEVICE_FAMILY = "1,2";
				TEST_HOST = "$(BUILT_PRODUCTS_DIR)/designPatterns.app/$(BUNDLE_EXECUTABLE_FOLDER_PATH)/designPatterns";
			};
			name = Release;
		};
		8A711FD32DAE5AC4001DCC51 /* Debug */ = {
			isa = XCBuildConfiguration;
			buildSettings = {
				CODE_SIGN_STYLE = Automatic;
				CURRENT_PROJECT_VERSION = 1;
				DEVELOPMENT_TEAM = 827H72CABH;
				GENERATE_INFOPLIST_FILE = YES;
				MARKETING_VERSION = 1.0;
				PRODUCT_BUNDLE_IDENTIFIER = com.koichi.designPatternsUITests;
				PRODUCT_NAME = "$(TARGET_NAME)";
				SWIFT_EMIT_LOC_STRINGS = NO;
				SWIFT_VERSION = 5.0;
				TARGETED_DEVICE_FAMILY = "1,2";
				TEST_TARGET_NAME = designPatterns;
			};
			name = Debug;
		};
		8A711FD42DAE5AC4001DCC51 /* Release */ = {
			isa = XCBuildConfiguration;
			buildSettings = {
				CODE_SIGN_STYLE = Automatic;
				CURRENT_PROJECT_VERSION = 1;
				DEVELOPMENT_TEAM = 827H72CABH;
				GENERATE_INFOPLIST_FILE = YES;
				MARKETING_VERSION = 1.0;
				PRODUCT_BUNDLE_IDENTIFIER = com.koichi.designPatternsUITests;
				PRODUCT_NAME = "$(TARGET_NAME)";
				SWIFT_EMIT_LOC_STRINGS = NO;
				SWIFT_VERSION = 5.0;
				TARGETED_DEVICE_FAMILY = "1,2";
				TEST_TARGET_NAME = designPatterns;
			};
			name = Release;
		};
/* End XCBuildConfiguration section */

/* Begin XCConfigurationList section */
		8A711FA62DAE5AC2001DCC51 /* Build configuration list for PBXProject "designPatterns" */ = {
			isa = XCConfigurationList;
			buildConfigurations = (
				8A711FCA2DAE5AC4001DCC51 /* Debug */,
				8A711FCB2DAE5AC4001DCC51 /* Release */,
			);
			defaultConfigurationIsVisible = 0;
			defaultConfigurationName = Release;
		};
		8A711FCC2DAE5AC4001DCC51 /* Build configuration list for PBXNativeTarget "designPatterns" */ = {
			isa = XCConfigurationList;
			buildConfigurations = (
				8A711FCD2DAE5AC4001DCC51 /* Debug */,
				8A711FCE2DAE5AC4001DCC51 /* Release */,
			);
			defaultConfigurationIsVisible = 0;
			defaultConfigurationName = Release;
		};
		8A711FCF2DAE5AC4001DCC51 /* Build configuration list for PBXNativeTarget "designPatternsTests" */ = {
			isa = XCConfigurationList;
			buildConfigurations = (
				8A711FD02DAE5AC4001DCC51 /* Debug */,
				8A711FD12DAE5AC4001DCC51 /* Release */,
			);
			defaultConfigurationIsVisible = 0;
			defaultConfigurationName = Release;
		};
		8A711FD22DAE5AC4001DCC51 /* Build configuration list for PBXNativeTarget "designPatternsUITests" */ = {
			isa = XCConfigurationList;
			buildConfigurations = (
				8A711FD32DAE5AC4001DCC51 /* Debug */,
				8A711FD42DAE5AC4001DCC51 /* Release */,
			);
			defaultConfigurationIsVisible = 0;
			defaultConfigurationName = Release;
		};
/* End XCConfigurationList section */
	};
	rootObject = 8A711FA32DAE5AC2001DCC51 /* Project object */;
}
